
Microsoft Visual Studio Solution File, Format Version 12.00
# Visual Studio Version 17
VisualStudioVersion = 17.14.36429.23 d17.14
MinimumVisualStudioVersion = 10.0.40219.1
Project("{8BC9CEB8-8B4A-11D0-8D11-00A0C91BC942}") = "Project3", "Project3\Project3.vcxproj", "{2F29F2CB-EA22-4AB5-98E3-A5B40B7AD08F}"
EndProject
Global
	GlobalSection(SolutionConfigurationPlatforms) = preSolution
		Debug|x64 = Debug|x64
		Debug|x86 = Debug|x86
		Release|x64 = Release|x64
		Release|x86 = Release|x86
	EndGlobalSection
	GlobalSection(ProjectConfigurationPlatforms) = postSolution
		{2F29F2CB-EA22-4AB5-98E3-A5B40B7AD08F}.Debug|x64.ActiveCfg = Debug|x64
		{2F29F2CB-EA22-4AB5-98E3-A5B40B7AD08F}.Debug|x64.Build.0 = Debug|x64
		{2F29F2CB-EA22-4AB5-98E3-A5B40B7AD08F}.Debug|x86.ActiveCfg = Debug|Win32
		{2F29F2CB-EA22-4AB5-98E3-A5B40B7AD08F}.Debug|x86.Build.0 = Debug|Win32
		{2F29F2CB-EA22-4AB5-98E3-A5B40B7AD08F}.Release|x64.ActiveCfg = Release|x64
		{2F29F2CB-EA22-4AB5-98E3-A5B40B7AD08F}.Release|x64.Build.0 = Release|x64
		{2F29F2CB-EA22-4AB5-98E3-A5B40B7AD08F}.Release|x86.ActiveCfg = Release|Win32
		{2F29F2CB-EA22-4AB5-98E3-A5B40B7AD08F}.Release|x86.Build.0 = Release|Win32
	EndGlobalSection
	GlobalSection(SolutionProperties) = preSolution
		HideSolutionNode = FALSE
	EndGlobalSection
	GlobalSection(ExtensibilityGlobals) = postSolution
		SolutionGuid = {FFB0D5CE-E63C-4D86-9A2B-2EED57F5AE02}
	EndGlobalSection
EndGlobal
