
Microsoft Visual Studio Solution File, Format Version 12.00
# Visual Studio Version 17
VisualStudioVersion = 17.14.36429.23 d17.14
MinimumVisualStudioVersion = 10.0.40219.1
Project("{8BC9CEB8-8B4A-11D0-8D11-00A0C91BC942}") = "Project6", "Project6.vcxproj", "{5E1F1A1D-A450-4ED4-A2D0-FC135420051F}"
EndProject
Global
	GlobalSection(SolutionConfigurationPlatforms) = preSolution
		Debug|x64 = Debug|x64
		Debug|x86 = Debug|x86
		Release|x64 = Release|x64
		Release|x86 = Release|x86
	EndGlobalSection
	GlobalSection(ProjectConfigurationPlatforms) = postSolution
		{5E1F1A1D-A450-4ED4-A2D0-FC135420051F}.Debug|x64.ActiveCfg = Debug|x64
		{5E1F1A1D-A450-4ED4-A2D0-FC135420051F}.Debug|x64.Build.0 = Debug|x64
		{5E1F1A1D-A450-4ED4-A2D0-FC135420051F}.Debug|x86.ActiveCfg = Debug|Win32
		{5E1F1A1D-A450-4ED4-A2D0-FC135420051F}.Debug|x86.Build.0 = Debug|Win32
		{5E1F1A1D-A450-4ED4-A2D0-FC135420051F}.Release|x64.ActiveCfg = Release|x64
		{5E1F1A1D-A450-4ED4-A2D0-FC135420051F}.Release|x64.Build.0 = Release|x64
		{5E1F1A1D-A450-4ED4-A2D0-FC135420051F}.Release|x86.ActiveCfg = Release|Win32
		{5E1F1A1D-A450-4ED4-A2D0-FC135420051F}.Release|x86.Build.0 = Release|Win32
	EndGlobalSection
	GlobalSection(SolutionProperties) = preSolution
		HideSolutionNode = FALSE
	EndGlobalSection
	GlobalSection(ExtensibilityGlobals) = postSolution
		SolutionGuid = {19C27B23-EE6B-43F2-A4B8-79D17C5CB6B4}
	EndGlobalSection
EndGlobal
